Microsoft Visual Studio Solution File, Format Version 12.00
# Visual Studio 2012
Project("{FAE04EC0-301F-11D3-BF4B-00C04F79EFBC}") = "Project1 C#", "Project1 C#.csproj", "{82FC5AC5-8F28-4CAF-8805-B28ECE9BC28D}"
EndProject
Global
	GlobalSection(SolutionConfigurationPlatforms) = preSolution
	Debug|Any CPU = Debug|Any CPU
	ExportDebug|Any CPU = ExportDebug|Any CPU
	ExportRelease|Any CPU = ExportRelease|Any CPU
	EndGlobalSection
	GlobalSection(ProjectConfigurationPlatforms) = postSolution
		{82FC5AC5-8F28-4CAF-8805-B28ECE9BC28D}.Debug|Any CPU.ActiveCfg = Debug|Any CPU
		{82FC5AC5-8F28-4CAF-8805-B28ECE9BC28D}.Debug|Any CPU.Build.0 = Debug|Any CPU
		{82FC5AC5-8F28-4CAF-8805-B28ECE9BC28D}.ExportDebug|Any CPU.ActiveCfg = ExportDebug|Any CPU
		{82FC5AC5-8F28-4CAF-8805-B28ECE9BC28D}.ExportDebug|Any CPU.Build.0 = ExportDebug|Any CPU
		{82FC5AC5-8F28-4CAF-8805-B28ECE9BC28D}.ExportRelease|Any CPU.ActiveCfg = ExportRelease|Any CPU
		{82FC5AC5-8F28-4CAF-8805-B28ECE9BC28D}.ExportRelease|Any CPU.Build.0 = ExportRelease|Any CPU
	EndGlobalSection
EndGlobal
